{
  "name": "@xopenapi/xapis-js",
  "version": "0.0.6",
  "lockfileVersion": 1,
  "requires": true,
  "dependencies": {
    "core-js": {
      "version": "3.27.1",
      "resolved": "https://registry.npmmirror.com/core-js/-/core-js-3.27.1.tgz",
      "integrity": "sha512-GutwJLBChfGCpwwhbYoqfv03LAfmiz7e7D/BNxzeMxwQf10GRSzqiOjx7AmtEk+heiD/JWmBuyBPgFtx0Sg1ww=="
    },
    "typescript": {
      "version": "4.8.4",
      "resolved": "https://registry.npmmirror.com/typescript/-/typescript-4.8.4.tgz",
      "integrity": "sha512-QCh+85mCy+h0IGff8r5XWzOVSbBO+KfeYrMQh7NJ58QujwcE22u+NUSmUxqF+un70P9GXKxa2HCNiTTMJknyjQ==",
      "dev": true
    }
  }
}
